{
  "name": "gainer",
  "version": "1.0.2",
  "lockfileVersion": 1,
  "requires": true,
  "dependencies": {
    "@types/blessed": {
      "version": "0.1.8",
      "resolved": "https://registry.npmjs.org/@types/blessed/-/blessed-0.1.8.tgz",
      "integrity": "sha512-buzc9Jec1Od2xFGRUeDa0XfwGBcACmIHnBMQQHSMS6UwvPqcdjdLX7q/0l5J2Uxsdm+EDfHPWszabjkreC2OMQ==",
      "dev": true,
      "requires": {
        "@types/node": "8.5.1"
      }
    },
    "@types/node": {
      "version": "8.5.1",
      "resolved": "https://registry.npmjs.org/@types/node/-/node-8.5.1.tgz",
      "integrity": "sha512-SrmAO+NhnsuG/6TychSl2VdxBZiw/d6V+8j+DFo8O3PwFi+QeYXWHhAw+b170aSc6zYab6/PjEWRZHIDN9mNUw==",
      "dev": true
    },
    "blessed": {
      "version": "0.1.81",
      "resolved": "https://registry.npmjs.org/blessed/-/blessed-0.1.81.tgz",
      "integrity": "sha1-+WLWh+wsNpVwrnGvhDJW5tDKESk="
    },
    "opener": {
      "version": "1.4.3",
      "resolved": "https://registry.npmjs.org/opener/-/opener-1.4.3.tgz",
      "integrity": "sha1-XG2ixdflgx6P+jlklQ+NZnSskLg="
    },
    "typescript": {
      "version": "2.6.2",
      "resolved": "https://registry.npmjs.org/typescript/-/typescript-2.6.2.tgz",
      "integrity": "sha1-PFtv1/beCRQmkCfwPAlGdY92c6Q=",
      "dev": true
    }
  }
}
